{
  "name": "CO_M21",
  "version": "2.0.0",
  "lockfileVersion": 2,
  "requires": true,
  "packages": {
    "": {
      "name": "CO_M21",
      "version": "2.0.0",
      "hasInstallScript": true,
      "license": "ISC",
      "dependencies": {
        "dotenv": "^10.0.0"
      }
    },
    "../../../../usr/local/lib/node_modules/backend": {
      "version": "0.0.0",
      "extraneous": true,
      "license": "BSD"
    },
    "frontend": {
      "version": "0.1.0",
      "extraneous": true,
      "dependencies": {
        "@testing-library/jest-dom": "^5.16.1",
        "@testing-library/react": "^11.2.7",
        "@testing-library/user-event": "^12.8.3",
        "axios": "^0.24.0",
        "react": "^17.0.2",
        "react-dom": "^17.0.2",
        "react-scripts": "^0.9.5",
        "web-vitals": "^1.1.2"
      }
    },
    "node_modules/dotenv": {
      "version": "10.0.0",
      "resolved": "https://registry.npmjs.org/dotenv/-/dotenv-10.0.0.tgz",
      "integrity": "sha512-rlBi9d8jpv9Sf1klPjNfFAuWDjKLwTIJJ/VxtoTwIR6hnZxcEOQCZg2oIL3MWBYw5GpUDKOEnND7LXTbIpQ03Q==",
      "engines": {
        "node": ">=10"
      }
    }
  },
  "dependencies": {
    "dotenv": {
      "version": "10.0.0",
      "resolved": "https://registry.npmjs.org/dotenv/-/dotenv-10.0.0.tgz",
      "integrity": "sha512-rlBi9d8jpv9Sf1klPjNfFAuWDjKLwTIJJ/VxtoTwIR6hnZxcEOQCZg2oIL3MWBYw5GpUDKOEnND7LXTbIpQ03Q=="
    }
  }
}
